
Microsoft Visual Studio Solution File, Format Version 12.00
# Visual Studio Version 17
VisualStudioVersion = 17.0.31903.59
MinimumVisualStudioVersion = 10.0.40219.1
Project("{2150E333-8FDC-42A3-9474-1A3956D46DE8}") = "src", "src", "{5FDEBB22-400C-4396-97F5-37436F815D82}"
EndProject
Project("{FAE04EC0-301F-11D3-BF4B-00C04F79EFBC}") = "api", "src\api\api.csproj", "{234A7A5E-1C9C-4F33-B5CC-7ADA8D226319}"
EndProject
Global
	GlobalSection(SolutionConfigurationPlatforms) = preSolution
		Debug|Any CPU = Debug|Any CPU
		Release|Any CPU = Release|Any CPU
	EndGlobalSection
	GlobalSection(SolutionProperties) = preSolution
		HideSolutionNode = FALSE
	EndGlobalSection
	GlobalSection(ProjectConfigurationPlatforms) = postSolution
		{234A7A5E-1C9C-4F33-B5CC-7ADA8D226319}.Debug|Any CPU.ActiveCfg = Debug|Any CPU
		{234A7A5E-1C9C-4F33-B5CC-7ADA8D226319}.Debug|Any CPU.Build.0 = Debug|Any CPU
		{234A7A5E-1C9C-4F33-B5CC-7ADA8D226319}.Release|Any CPU.ActiveCfg = Release|Any CPU
		{234A7A5E-1C9C-4F33-B5CC-7ADA8D226319}.Release|Any CPU.Build.0 = Release|Any CPU
	EndGlobalSection
	GlobalSection(NestedProjects) = preSolution
		{234A7A5E-1C9C-4F33-B5CC-7ADA8D226319} = {5FDEBB22-400C-4396-97F5-37436F815D82}
	EndGlobalSection
EndGlobal
